schema: '2.0'
stages:
  fetch:
    cmd: poetry run python src/data/fetch_data.py
    deps:
    - path: src/data/fetch_data.py
      hash: md5
      md5: 5867135077809f48fce60c83bb9fc0f9
      size: 6465
    outs:
    - path: data/raw
      hash: md5
      md5: e4db428c9798cbe113b21672cd8ee4d7.dir
      size: 203589
      nfiles: 69
  preprocess:
    cmd: poetry run python src/data/preprocess_data.py
    deps:
    - path: data/raw
      hash: md5
      md5: e4db428c9798cbe113b21672cd8ee4d7.dir
      size: 203589
      nfiles: 69
    - path: src/data/preprocess_data.py
      hash: md5
      md5: 0442e88ad2aafa41bdd5e3cc45e3d4e2
      size: 4855
    outs:
    - path: data/processed/combined
      hash: md5
      md5: edca5ee99252bcd3dd60618cc2b988e4.dir
      size: 2121041
      nfiles: 34
    - path: data/processed/mbajk
      hash: md5
      md5: 39dae51e7c3c68d0e1963c24e1d4f515.dir
      size: 12391
      nfiles: 34
    - path: data/processed/weather
      hash: md5
      md5: 9e544597bb29c8807a8ca38b06b3da9d.dir
      size: 165487
      nfiles: 34
  split:
    cmd: poetry run python src/data/final_processing.py
    deps:
    - path: data/processed/combined
      hash: md5
      md5: edca5ee99252bcd3dd60618cc2b988e4.dir
      size: 2121041
      nfiles: 34
    - path: src/data/final_processing.py
      hash: md5
      md5: a6f312adc6982afb88ab0126cc06c9b5
      size: 1434
    outs:
    - path: data/processed/test
      hash: md5
      md5: ad3634f150cfd81e00f62dc703427eb2.dir
      size: 215830
      nfiles: 34
    - path: data/processed/train
      hash: md5
      md5: 2b37785c632f40e70c4f5bfcdf5005a2.dir
      size: 1909971
      nfiles: 34
  reference_data:
    cmd: "mkdir -p data/processed\ncp -r data/processed/combined data/processed/reference_data\n
      cp -r data/processed/combined data/processed/current_data\n"
    deps:
    - path: data/processed/combined
      hash: md5
      md5: edca5ee99252bcd3dd60618cc2b988e4.dir
      size: 2121041
      nfiles: 34
    outs:
    - path: data/processed/current_data
      hash: md5
      md5: edca5ee99252bcd3dd60618cc2b988e4.dir
      size: 2121041
      nfiles: 34
    - path: data/processed/reference_data
      hash: md5
      md5: edca5ee99252bcd3dd60618cc2b988e4.dir
      size: 2121041
      nfiles: 34
  validate_and_test:
    cmd: poetry run python src/data/validate_and_test.py
    deps:
    - path: data/processed/current_data
      hash: md5
      md5: edca5ee99252bcd3dd60618cc2b988e4.dir
      size: 2121041
      nfiles: 34
    - path: data/processed/reference_data
      hash: md5
      md5: edca5ee99252bcd3dd60618cc2b988e4.dir
      size: 2121041
      nfiles: 34
    - path: src/data/validate_and_test.py
      hash: md5
      md5: b190721d53acb9d611ce6c614abaea5f
      size: 5013
  split_data:
    cmd: poetry run python src/data/split_data.py
    deps:
    - path: data/processed/current_data
      hash: md5
      md5: edca5ee99252bcd3dd60618cc2b988e4.dir
      size: 2121041
      nfiles: 34
    - path: src/data/split_data.py
      hash: md5
      md5: bd02b4c874c5cb7567129a20eade3536
      size: 1768
    outs:
    - path: data/processed/train_test_from_current/test
      hash: md5
      md5: e8e46d2219c1a2f46815e6db34a79ab6.dir
      size: 218576
      nfiles: 34
    - path: data/processed/train_test_from_current/train
      hash: md5
      md5: 03ad4b54f93958961aa33e85519602c8.dir
      size: 1907225
      nfiles: 34
  train_model_mlflow:
    cmd: poetry run python src/models/train_model_mlflow.py
    deps:
    - path: data/processed/train_test_from_current/train
      hash: md5
      md5: 03ad4b54f93958961aa33e85519602c8.dir
      size: 1907225
      nfiles: 34
    - path: src/models/train_model_mlflow.py
      hash: md5
      md5: 52773b4ee483fd6466839a6f4f384067
      size: 3116
    outs:
    - path: models/models_mlflow
      hash: md5
      md5: 34f0b20df20ee8259e4b15b380059d65.dir
      size: 5988682
      nfiles: 29
  predict_model_mlflow:
    cmd: poetry run python src/models/predict_model_mlflow.py
    deps:
    - path: data/processed/train_test_from_current/test
      hash: md5
      md5: e8e46d2219c1a2f46815e6db34a79ab6.dir
      size: 218576
      nfiles: 34
    - path: models/models_mlflow
      hash: md5
      md5: 34f0b20df20ee8259e4b15b380059d65.dir
      size: 5988682
      nfiles: 29
    - path: src/models/predict_model_mlflow.py
      hash: md5
      md5: b7f6aa10af67d63ce8cb3763893cfc0f
      size: 2803
  merge_data:
    cmd: poetry run python src/data/merge_data.py
    deps:
    - path: data/processed/combined
      hash: md5
      md5: edca5ee99252bcd3dd60618cc2b988e4.dir
      size: 2121041
      nfiles: 34
    - path: src/data/merge_data.py
      hash: md5
      md5: 38afd2c3c3eec28699525e5cdc47106d
      size: 797
    outs:
    - path: data/processed/merged/data.csv
      hash: md5
      md5: c6ec667f7a1b907e8ff33c07ccca079e
      size: 2116421
  reference_data_merged:
    cmd: "mkdir -p data/processed/merged_reference\ncp data/processed/merged/data.csv
      data/processed/merged_reference/reference_data.csv\ncp data/processed/merged/data.csv
      data/processed/merged_reference/current_data.csv\n"
    deps:
    - path: data/processed/merged/data.csv
      hash: md5
      md5: c6ec667f7a1b907e8ff33c07ccca079e
      size: 2116421
    outs:
    - path: data/processed/merged_reference/current_data.csv
      hash: md5
      md5: c6ec667f7a1b907e8ff33c07ccca079e
      size: 2116421
    - path: data/processed/merged_reference/reference_data.csv
      hash: md5
      md5: c6ec667f7a1b907e8ff33c07ccca079e
      size: 2116421
  validate_and_test_merged:
    cmd: poetry run python src/data/validate_and_test_merged.py
    deps:
    - path: data/processed/merged_reference/current_data.csv
      hash: md5
      md5: c6ec667f7a1b907e8ff33c07ccca079e
      size: 2116421
    - path: data/processed/merged_reference/reference_data.csv
      hash: md5
      md5: c6ec667f7a1b907e8ff33c07ccca079e
      size: 2116421
    - path: src/data/validate_and_test_merged.py
      hash: md5
      md5: 044597704d888f512d8ac109222602bf
      size: 4657
  split_data_merged:
    cmd: poetry run python src/data/split_merged_data.py
    deps:
    - path: data/processed/merged_reference/current_data.csv
      hash: md5
      md5: c6ec667f7a1b907e8ff33c07ccca079e
      size: 2116421
    - path: src/data/split_merged_data.py
      hash: md5
      md5: 8342a125ee8746dcd4934fb0b98751c2
      size: 898
    outs:
    - path: data/processed/train_test_merged/test.csv
      hash: md5
      md5: 62724f3c645da2f40549731b447c2fe3
      size: 211483
    - path: data/processed/train_test_merged/train.csv
      hash: md5
      md5: 941ee576ba75c5defbc8cecd5c56a8d3
      size: 1905078
  train_model_mlflow_merged:
    cmd: poetry run python src/models/train_merged_model_mlflow.py
    deps:
    - path: data/processed/train_test_merged/train.csv
      hash: md5
      md5: 0558d00c33c31952b2b2aaf5cacd32bd
      size: 1902948
    - path: src/models/train_merged_model_mlflow.py
      hash: md5
      md5: 2acaec863c6bd705395e98d201bf6c94
      size: 2016
    outs:
    - path: models/models_mlflow_merged
      hash: md5
      md5: fb39149a4607f0ec33938a249fbe1c80.dir
      size: 206806
      nfiles: 1
  predict_model_mlflow_merged:
    cmd: poetry run python src/models/predict_merged_model_mlflow.py
    deps:
    - path: data/processed/train_test_merged/test.csv
      hash: md5
      md5: f1d283c91624220a6e5f755ca84e24fd
      size: 211239
    - path: models/models_mlflow_merged
      hash: md5
      md5: fb39149a4607f0ec33938a249fbe1c80.dir
      size: 206806
      nfiles: 1
    - path: src/models/predict_merged_model_mlflow.py
      hash: md5
      md5: 65ff6395357acebb6c8eb95fb8bac4cc
      size: 1481
  train_model_full_mlflow:
    cmd: poetry run python src/models/train_full_model_mlflow.py
    deps:
    - path: data/processed/train_test_merged/test.csv
      hash: md5
      md5: 62724f3c645da2f40549731b447c2fe3
      size: 211483
    - path: data/processed/train_test_merged/train.csv
      hash: md5
      md5: 941ee576ba75c5defbc8cecd5c56a8d3
      size: 1905078
    - path: src/models/train_full_model_mlflow.py
      hash: md5
      md5: 7849e7ae02517bd0f480512116019f91
      size: 3131
    outs:
    - path: models/models_mlflow_full
      hash: md5
      md5: 69369b60eec391dbf41b051877d8a59c.dir
      size: 206806
      nfiles: 1
